// !$*UTF8*$!
{
	archiveVersion = 1;
	classes = {
	};
	objectVersion = 56;
	objects = {

/* Begin PBXBuildFile section */
		8A026C252C028D1C008A1B18 /* AppDelegate.swift in Sources */ = {isa = PBXBuildFile; fileRef = 8A026C242C028D1C008A1B18 /* AppDelegate.swift */; };
		8A026C272C028D1C008A1B18 /* SceneDelegate.swift in Sources */ = {isa = PBXBuildFile; fileRef = 8A026C262C028D1C008A1B18 /* SceneDelegate.swift */; };
		8A026C2E2C028D20008A1B18 /* Assets.xcassets in Resources */ = {isa = PBXBuildFile; fileRef = 8A026C2D2C028D20008A1B18 /* Assets.xcassets */; };
		8A026C312C028D20008A1B18 /* Base in Resources */ = {isa = PBXBuildFile; fileRef = 8A026C302C028D20008A1B18 /* Base */; };
		8A026C392C03B7BA008A1B18 /* SearchViewController.swift in Sources */ = {isa = PBXBuildFile; fileRef = 8A026C382C03B7BA008A1B18 /* SearchViewController.swift */; };
		8A026C3B2C03B821008A1B18 /* FavoritesListViewController.swift in Sources */ = {isa = PBXBuildFile; fileRef = 8A026C3A2C03B821008A1B18 /* FavoritesListViewController.swift */; };
		8A026C3D2C03CD4C008A1B18 /* GHFButton.swift in Sources */ = {isa = PBXBuildFile; fileRef = 8A026C3C2C03CD4B008A1B18 /* GHFButton.swift */; };
		8A026C3F2C03D471008A1B18 /* GHFTextField.swift in Sources */ = {isa = PBXBuildFile; fileRef = 8A026C3E2C03D471008A1B18 /* GHFTextField.swift */; };
		8A026C412C06884E008A1B18 /* FollowerListViewController.swift in Sources */ = {isa = PBXBuildFile; fileRef = 8A026C402C06884E008A1B18 /* FollowerListViewController.swift */; };
		8A67BFF12C0FB24B00C2DBF6 /* UIViewController+Ext.swift in Sources */ = {isa = PBXBuildFile; fileRef = 8A67BFF02C0FB24B00C2DBF6 /* UIViewController+Ext.swift */; };
		8ABBDB122C3B4D6C00EFF06C /* Follower.swift in Sources */ = {isa = PBXBuildFile; fileRef = 8ABBDB112C3B4D6C00EFF06C /* Follower.swift */; };
		8ABBDB142C3B4EBE00EFF06C /* User.swift in Sources */ = {isa = PBXBuildFile; fileRef = 8ABBDB132C3B4EBE00EFF06C /* User.swift */; };
		8AEE7F342C0D162400905476 /* GHFTitleLabel.swift in Sources */ = {isa = PBXBuildFile; fileRef = 8AEE7F332C0D162400905476 /* GHFTitleLabel.swift */; };
		8AEE7F362C0D194600905476 /* GHFBodyLabel.swift in Sources */ = {isa = PBXBuildFile; fileRef = 8AEE7F352C0D194600905476 /* GHFBodyLabel.swift */; };
		8AEE7F382C0E618E00905476 /* GHFAlertViewController.swift in Sources */ = {isa = PBXBuildFile; fileRef = 8AEE7F372C0E618E00905476 /* GHFAlertViewController.swift */; };
/* End PBXBuildFile section */

/* Begin PBXFileReference section */
		8A026C212C028D1C008A1B18 /* GHFollowers.app */ = {isa = PBXFileReference; explicitFileType = wrapper.application; includeInIndex = 0; path = GHFollowers.app; sourceTree = BUILT_PRODUCTS_DIR; };
		8A026C242C028D1C008A1B18 /* AppDelegate.swift */ = {isa = PBXFileReference; lastKnownFileType = sourcecode.swift; path = AppDelegate.swift; sourceTree = "<group>"; };
		8A026C262C028D1C008A1B18 /* SceneDelegate.swift */ = {isa = PBXFileReference; lastKnownFileType = sourcecode.swift; path = SceneDelegate.swift; sourceTree = "<group>"; };
		8A026C2D2C028D20008A1B18 /* Assets.xcassets */ = {isa = PBXFileReference; lastKnownFileType = folder.assetcatalog; path = Assets.xcassets; sourceTree = "<group>"; };
		8A026C302C028D20008A1B18 /* Base */ = {isa = PBXFileReference; lastKnownFileType = file.storyboard; name = Base; path = Base.lproj/LaunchScreen.storyboard; sourceTree = "<group>"; };
		8A026C322C028D20008A1B18 /* Info.plist */ = {isa = PBXFileReference; lastKnownFileType = text.plist.xml; path = Info.plist; sourceTree = "<group>"; };
		8A026C382C03B7BA008A1B18 /* SearchViewController.swift */ = {isa = PBXFileReference; lastKnownFileType = sourcecode.swift; path = SearchViewController.swift; sourceTree = "<group>"; };
		8A026C3A2C03B821008A1B18 /* FavoritesListViewController.swift */ = {isa = PBXFileReference; lastKnownFileType = sourcecode.swift; path = FavoritesListViewController.swift; sourceTree = "<group>"; };
		8A026C3C2C03CD4B008A1B18 /* GHFButton.swift */ = {isa = PBXFileReference; lastKnownFileType = sourcecode.swift; path = GHFButton.swift; sourceTree = "<group>"; };
		8A026C3E2C03D471008A1B18 /* GHFTextField.swift */ = {isa = PBXFileReference; lastKnownFileType = sourcecode.swift; path = GHFTextField.swift; sourceTree = "<group>"; };
		8A026C402C06884E008A1B18 /* FollowerListViewController.swift */ = {isa = PBXFileReference; lastKnownFileType = sourcecode.swift; path = FollowerListViewController.swift; sourceTree = "<group>"; };
		8A67BFF02C0FB24B00C2DBF6 /* UIViewController+Ext.swift */ = {isa = PBXFileReference; lastKnownFileType = sourcecode.swift; path = "UIViewController+Ext.swift"; sourceTree = "<group>"; };
		8ABBDB112C3B4D6C00EFF06C /* Follower.swift */ = {isa = PBXFileReference; lastKnownFileType = sourcecode.swift; path = Follower.swift; sourceTree = "<group>"; };
		8ABBDB132C3B4EBE00EFF06C /* User.swift */ = {isa = PBXFileReference; lastKnownFileType = sourcecode.swift; path = User.swift; sourceTree = "<group>"; };
		8AEE7F332C0D162400905476 /* GHFTitleLabel.swift */ = {isa = PBXFileReference; lastKnownFileType = sourcecode.swift; path = GHFTitleLabel.swift; sourceTree = "<group>"; };
		8AEE7F352C0D194600905476 /* GHFBodyLabel.swift */ = {isa = PBXFileReference; lastKnownFileType = sourcecode.swift; path = GHFBodyLabel.swift; sourceTree = "<group>"; };
		8AEE7F372C0E618E00905476 /* GHFAlertViewController.swift */ = {isa = PBXFileReference; lastKnownFileType = sourcecode.swift; path = GHFAlertViewController.swift; sourceTree = "<group>"; };
/* End PBXFileReference section */

/* Begin PBXFrameworksBuildPhase section */
		8A026C1E2C028D1C008A1B18 /* Frameworks */ = {
			isa = PBXFrameworksBuildPhase;
			buildActionMask = 2147483647;
			files = (
			);
			runOnlyForDeploymentPostprocessing = 0;
		};
/* End PBXFrameworksBuildPhase section */

/* Begin PBXGroup section */
		8A026C182C028D1C008A1B18 = {
			isa = PBXGroup;
			children = (
				8A026C232C028D1C008A1B18 /* GHFollowers */,
				8A026C222C028D1C008A1B18 /* Products */,
			);
			sourceTree = "<group>";
		};
		8A026C222C028D1C008A1B18 /* Products */ = {
			isa = PBXGroup;
			children = (
				8A026C212C028D1C008A1B18 /* GHFollowers.app */,
			);
			name = Products;
			sourceTree = "<group>";
		};
		8A026C232C028D1C008A1B18 /* GHFollowers */ = {
			isa = PBXGroup;
			children = (
				8A67BFF22C0FCFA100C2DBF6 /* Controllers */,
				8A67BFF42C0FD08A00C2DBF6 /* Extensions */,
				8A026C322C028D20008A1B18 /* Info.plist */,
				8A67BFF62C0FD56500C2DBF6 /* Models */,
				8A67BFF52C0FD0EC00C2DBF6 /* Support */,
				8A67BFF32C0FD03300C2DBF6 /* Views */,
			);
			path = GHFollowers;
			sourceTree = "<group>";
		};
		8A67BFF22C0FCFA100C2DBF6 /* Controllers */ = {
			isa = PBXGroup;
			children = (
				8A026C3A2C03B821008A1B18 /* FavoritesListViewController.swift */,
				8A026C382C03B7BA008A1B18 /* SearchViewController.swift */,
				8A026C402C06884E008A1B18 /* FollowerListViewController.swift */,
			);
			path = Controllers;
			sourceTree = "<group>";
		};
		8A67BFF32C0FD03300C2DBF6 /* Views */ = {
			isa = PBXGroup;
			children = (
				8AEE7F372C0E618E00905476 /* GHFAlertViewController.swift */,
				8A026C3C2C03CD4B008A1B18 /* GHFButton.swift */,
				8A026C3E2C03D471008A1B18 /* GHFTextField.swift */,
				8AEE7F332C0D162400905476 /* GHFTitleLabel.swift */,
				8AEE7F352C0D194600905476 /* GHFBodyLabel.swift */,
			);
			path = Views;
			sourceTree = "<group>";
		};
		8A67BFF42C0FD08A00C2DBF6 /* Extensions */ = {
			isa = PBXGroup;
			children = (
				8A67BFF02C0FB24B00C2DBF6 /* UIViewController+Ext.swift */,
			);
			path = Extensions;
			sourceTree = "<group>";
		};
		8A67BFF52C0FD0EC00C2DBF6 /* Support */ = {
			isa = PBXGroup;
			children = (
				8A026C242C028D1C008A1B18 /* AppDelegate.swift */,
				8A026C262C028D1C008A1B18 /* SceneDelegate.swift */,
				8A026C2D2C028D20008A1B18 /* Assets.xcassets */,
				8A026C2F2C028D20008A1B18 /* LaunchScreen.storyboard */,
			);
			path = Support;
			sourceTree = "<group>";
		};
		8A67BFF62C0FD56500C2DBF6 /* Models */ = {
			isa = PBXGroup;
			children = (
				8ABBDB112C3B4D6C00EFF06C /* Follower.swift */,
				8ABBDB132C3B4EBE00EFF06C /* User.swift */,
			);
			path = Models;
			sourceTree = "<group>";
		};
/* End PBXGroup section */

/* Begin PBXNativeTarget section */
		8A026C202C028D1C008A1B18 /* GHFollowers */ = {
			isa = PBXNativeTarget;
			buildConfigurationList = 8A026C352C028D20008A1B18 /* Build configuration list for PBXNativeTarget "GHFollowers" */;
			buildPhases = (
				8A026C1D2C028D1C008A1B18 /* Sources */,
				8A026C1E2C028D1C008A1B18 /* Frameworks */,
				8A026C1F2C028D1C008A1B18 /* Resources */,
			);
			buildRules = (
			);
			dependencies = (
			);
			name = GHFollowers;
			productName = GHFollowers;
			productReference = 8A026C212C028D1C008A1B18 /* GHFollowers.app */;
			productType = "com.apple.product-type.application";
		};
/* End PBXNativeTarget section */

/* Begin PBXProject section */
		8A026C192C028D1C008A1B18 /* Project object */ = {
			isa = PBXProject;
			attributes = {
				BuildIndependentTargetsInParallel = 1;
				LastSwiftUpdateCheck = 1540;
				LastUpgradeCheck = 1540;
				TargetAttributes = {
					8A026C202C028D1C008A1B18 = {
						CreatedOnToolsVersion = 15.4;
					};
				};
			};
			buildConfigurationList = 8A026C1C2C028D1C008A1B18 /* Build configuration list for PBXProject "GHFollowers" */;
			compatibilityVersion = "Xcode 14.0";
			developmentRegion = en;
			hasScannedForEncodings = 0;
			knownRegions = (
				en,
				Base,
			);
			mainGroup = 8A026C182C028D1C008A1B18;
			productRefGroup = 8A026C222C028D1C008A1B18 /* Products */;
			projectDirPath = "";
			projectRoot = "";
			targets = (
				8A026C202C028D1C008A1B18 /* GHFollowers */,
			);
		};
/* End PBXProject section */

/* Begin PBXResourcesBuildPhase section */
		8A026C1F2C028D1C008A1B18 /* Resources */ = {
			isa = PBXResourcesBuildPhase;
			buildActionMask = 2147483647;
			files = (
				8A026C2E2C028D20008A1B18 /* Assets.xcassets in Resources */,
				8A026C312C028D20008A1B18 /* Base in Resources */,
			);
			runOnlyForDeploymentPostprocessing = 0;
		};
/* End PBXResourcesBuildPhase section */

/* Begin PBXSourcesBuildPhase section */
		8A026C1D2C028D1C008A1B18 /* Sources */ = {
			isa = PBXSourcesBuildPhase;
			buildActionMask = 2147483647;
			files = (
				8ABBDB142C3B4EBE00EFF06C /* User.swift in Sources */,
				8A026C392C03B7BA008A1B18 /* SearchViewController.swift in Sources */,
				8A026C252C028D1C008A1B18 /* AppDelegate.swift in Sources */,
				8A026C3B2C03B821008A1B18 /* FavoritesListViewController.swift in Sources */,
				8A67BFF12C0FB24B00C2DBF6 /* UIViewController+Ext.swift in Sources */,
				8A026C412C06884E008A1B18 /* FollowerListViewController.swift in Sources */,
				8A026C3D2C03CD4C008A1B18 /* GHFButton.swift in Sources */,
				8AEE7F342C0D162400905476 /* GHFTitleLabel.swift in Sources */,
				8ABBDB122C3B4D6C00EFF06C /* Follower.swift in Sources */,
				8AEE7F362C0D194600905476 /* GHFBodyLabel.swift in Sources */,
				8AEE7F382C0E618E00905476 /* GHFAlertViewController.swift in Sources */,
				8A026C272C028D1C008A1B18 /* SceneDelegate.swift in Sources */,
				8A026C3F2C03D471008A1B18 /* GHFTextField.swift in Sources */,
			);
			runOnlyForDeploymentPostprocessing = 0;
		};
/* End PBXSourcesBuildPhase section */

/* Begin PBXVariantGroup section */
		8A026C2F2C028D20008A1B18 /* LaunchScreen.storyboard */ = {
			isa = PBXVariantGroup;
			children = (
				8A026C302C028D20008A1B18 /* Base */,
			);
			name = LaunchScreen.storyboard;
			sourceTree = "<group>";
		};
/* End PBXVariantGroup section */

/* Begin XCBuildConfiguration section */
		8A026C332C028D20008A1B18 /* Debug */ = {
			isa = XCBuildConfiguration;
			buildSettings = {
				ALWAYS_SEARCH_USER_PATHS = NO;
				ASSETCATALOG_COMPILER_GENERATE_SWIFT_ASSET_SYMBOL_EXTENSIONS = YES;
				CLANG_ANALYZER_NONNULL = YES;
				CLANG_ANALYZER_NUMBER_OBJECT_CONVERSION = YES_AGGRESSIVE;
				CLANG_CXX_LANGUAGE_STANDARD = "gnu++20";
				CLANG_ENABLE_MODULES = YES;
				CLANG_ENABLE_OBJC_ARC = YES;
				CLANG_ENABLE_OBJC_WEAK = YES;
				CLANG_WARN_BLOCK_CAPTURE_AUTORELEASING = YES;
				CLANG_WARN_BOOL_CONVERSION = YES;
				CLANG_WARN_COMMA = YES;
				CLANG_WARN_CONSTANT_CONVERSION = YES;
				CLANG_WARN_DEPRECATED_OBJC_IMPLEMENTATIONS = YES;
				CLANG_WARN_DIRECT_OBJC_ISA_USAGE = YES_ERROR;
				CLANG_WARN_DOCUMENTATION_COMMENTS = YES;
				CLANG_WARN_EMPTY_BODY = YES;
				CLANG_WARN_ENUM_CONVERSION = YES;
				CLANG_WARN_INFINITE_RECURSION = YES;
				CLANG_WARN_INT_CONVERSION = YES;
				CLANG_WARN_NON_LITERAL_NULL_CONVERSION = YES;
				CLANG_WARN_OBJC_IMPLICIT_RETAIN_SELF = YES;
				CLANG_WARN_OBJC_LITERAL_CONVERSION = YES;
				CLANG_WARN_OBJC_ROOT_CLASS = YES_ERROR;
				CLANG_WARN_QUOTED_INCLUDE_IN_FRAMEWORK_HEADER = YES;
				CLANG_WARN_RANGE_LOOP_ANALYSIS = YES;
				CLANG_WARN_STRICT_PROTOTYPES = YES;
				CLANG_WARN_SUSPICIOUS_MOVE = YES;
				CLANG_WARN_UNGUARDED_AVAILABILITY = YES_AGGRESSIVE;
				CLANG_WARN_UNREACHABLE_CODE = YES;
				CLANG_WARN__DUPLICATE_METHOD_MATCH = YES;
				COPY_PHASE_STRIP = NO;
				DEBUG_INFORMATION_FORMAT = dwarf;
				ENABLE_STRICT_OBJC_MSGSEND = YES;
				ENABLE_TESTABILITY = YES;
				ENABLE_USER_SCRIPT_SANDBOXING = YES;
				GCC_C_LANGUAGE_STANDARD = gnu17;
				GCC_DYNAMIC_NO_PIC = NO;
				GCC_NO_COMMON_BLOCKS = YES;
				GCC_OPTIMIZATION_LEVEL = 0;
				GCC_PREPROCESSOR_DEFINITIONS = (
					"DEBUG=1",
					"$(inherited)",
				);
				GCC_WARN_64_TO_32_BIT_CONVERSION = YES;
				GCC_WARN_ABOUT_RETURN_TYPE = YES_ERROR;
				GCC_WARN_UNDECLARED_SELECTOR = YES;
				GCC_WARN_UNINITIALIZED_AUTOS = YES_AGGRESSIVE;
				GCC_WARN_UNUSED_FUNCTION = YES;
				GCC_WARN_UNUSED_VARIABLE = YES;
				IPHONEOS_DEPLOYMENT_TARGET = 17.5;
				LOCALIZATION_PREFERS_STRING_CATALOGS = YES;
				MTL_ENABLE_DEBUG_INFO = INCLUDE_SOURCE;
				MTL_FAST_MATH = YES;
				ONLY_ACTIVE_ARCH = YES;
				SDKROOT = iphoneos;
				SWIFT_ACTIVE_COMPILATION_CONDITIONS = "DEBUG $(inherited)";
				SWIFT_OPTIMIZATION_LEVEL = "-Onone";
			};
			name = Debug;
		};
		8A026C342C028D20008A1B18 /* Release */ = {
			isa = XCBuildConfiguration;
			buildSettings = {
				ALWAYS_SEARCH_USER_PATHS = NO;
				ASSETCATALOG_COMPILER_GENERATE_SWIFT_ASSET_SYMBOL_EXTENSIONS = YES;
				CLANG_ANALYZER_NONNULL = YES;
				CLANG_ANALYZER_NUMBER_OBJECT_CONVERSION = YES_AGGRESSIVE;
				CLANG_CXX_LANGUAGE_STANDARD = "gnu++20";
				CLANG_ENABLE_MODULES = YES;
				CLANG_ENABLE_OBJC_ARC = YES;
				CLANG_ENABLE_OBJC_WEAK = YES;
				CLANG_WARN_BLOCK_CAPTURE_AUTORELEASING = YES;
				CLANG_WARN_BOOL_CONVERSION = YES;
				CLANG_WARN_COMMA = YES;
				CLANG_WARN_CONSTANT_CONVERSION = YES;
				CLANG_WARN_DEPRECATED_OBJC_IMPLEMENTATIONS = YES;
				CLANG_WARN_DIRECT_OBJC_ISA_USAGE = YES_ERROR;
				CLANG_WARN_DOCUMENTATION_COMMENTS = YES;
				CLANG_WARN_EMPTY_BODY = YES;
				CLANG_WARN_ENUM_CONVERSION = YES;
				CLANG_WARN_INFINITE_RECURSION = YES;
				CLANG_WARN_INT_CONVERSION = YES;
				CLANG_WARN_NON_LITERAL_NULL_CONVERSION = YES;
				CLANG_WARN_OBJC_IMPLICIT_RETAIN_SELF = YES;
				CLANG_WARN_OBJC_LITERAL_CONVERSION = YES;
				CLANG_WARN_OBJC_ROOT_CLASS = YES_ERROR;
				CLANG_WARN_QUOTED_INCLUDE_IN_FRAMEWORK_HEADER = YES;
				CLANG_WARN_RANGE_LOOP_ANALYSIS = YES;
				CLANG_WARN_STRICT_PROTOTYPES = YES;
				CLANG_WARN_SUSPICIOUS_MOVE = YES;
				CLANG_WARN_UNGUARDED_AVAILABILITY = YES_AGGRESSIVE;
				CLANG_WARN_UNREACHABLE_CODE = YES;
				CLANG_WARN__DUPLICATE_METHOD_MATCH = YES;
				COPY_PHASE_STRIP = NO;
				DEBUG_INFORMATION_FORMAT = "dwarf-with-dsym";
				ENABLE_NS_ASSERTIONS = NO;
				ENABLE_STRICT_OBJC_MSGSEND = YES;
				ENABLE_USER_SCRIPT_SANDBOXING = YES;
				GCC_C_LANGUAGE_STANDARD = gnu17;
				GCC_NO_COMMON_BLOCKS = YES;
				GCC_WARN_64_TO_32_BIT_CONVERSION = YES;
				GCC_WARN_ABOUT_RETURN_TYPE = YES_ERROR;
				GCC_WARN_UNDECLARED_SELECTOR = YES;
				GCC_WARN_UNINITIALIZED_AUTOS = YES_AGGRESSIVE;
				GCC_WARN_UNUSED_FUNCTION = YES;
				GCC_WARN_UNUSED_VARIABLE = YES;
				IPHONEOS_DEPLOYMENT_TARGET = 17.5;
				LOCALIZATION_PREFERS_STRING_CATALOGS = YES;
				MTL_ENABLE_DEBUG_INFO = NO;
				MTL_FAST_MATH = YES;
				SDKROOT = iphoneos;
				SWIFT_COMPILATION_MODE = wholemodule;
				VALIDATE_PRODUCT = YES;
			};
			name = Release;
		};
		8A026C362C028D20008A1B18 /* Debug */ = {
			isa = XCBuildConfiguration;
			buildSettings = {
				ASSETCATALOG_COMPILER_APPICON_NAME = AppIcon;
				ASSETCATALOG_COMPILER_GLOBAL_ACCENT_COLOR_NAME = AccentColor;
				CODE_SIGN_STYLE = Automatic;
				CURRENT_PROJECT_VERSION = 1;
				DEVELOPMENT_TEAM = 3PT6863YDD;
				GENERATE_INFOPLIST_FILE = YES;
				INFOPLIST_FILE = GHFollowers/Info.plist;
				INFOPLIST_KEY_UIApplicationSupportsIndirectInputEvents = YES;
				INFOPLIST_KEY_UILaunchStoryboardName = LaunchScreen;
				INFOPLIST_KEY_UISupportedInterfaceOrientations = UIInterfaceOrientationPortrait;
				IPHONEOS_DEPLOYMENT_TARGET = 13.2;
				LD_RUNPATH_SEARCH_PATHS = (
					"$(inherited)",
					"@executable_path/Frameworks",
				);
				MARKETING_VERSION = 1.0;
				PRODUCT_BUNDLE_IDENTIFIER = co.danielsilva.GHFollowers;
				PRODUCT_NAME = "$(TARGET_NAME)";
				SUPPORTED_PLATFORMS = "iphoneos iphonesimulator";
				SUPPORTS_MACCATALYST = NO;
				SUPPORTS_MAC_DESIGNED_FOR_IPHONE_IPAD = NO;
				SUPPORTS_XR_DESIGNED_FOR_IPHONE_IPAD = NO;
				SWIFT_EMIT_LOC_STRINGS = YES;
				SWIFT_VERSION = 5.0;
				TARGETED_DEVICE_FAMILY = 1;
			};
			name = Debug;
		};
		8A026C372C028D20008A1B18 /* Release */ = {
			isa = XCBuildConfiguration;
			buildSettings = {
				ASSETCATALOG_COMPILER_APPICON_NAME = AppIcon;
				ASSETCATALOG_COMPILER_GLOBAL_ACCENT_COLOR_NAME = AccentColor;
				CODE_SIGN_STYLE = Automatic;
				CURRENT_PROJECT_VERSION = 1;
				DEVELOPMENT_TEAM = 3PT6863YDD;
				GENERATE_INFOPLIST_FILE = YES;
				INFOPLIST_FILE = GHFollowers/Info.plist;
				INFOPLIST_KEY_UIApplicationSupportsIndirectInputEvents = YES;
				INFOPLIST_KEY_UILaunchStoryboardName = LaunchScreen;
				INFOPLIST_KEY_UISupportedInterfaceOrientations = UIInterfaceOrientationPortrait;
				IPHONEOS_DEPLOYMENT_TARGET = 13.2;
				LD_RUNPATH_SEARCH_PATHS = (
					"$(inherited)",
					"@executable_path/Frameworks",
				);
				MARKETING_VERSION = 1.0;
				PRODUCT_BUNDLE_IDENTIFIER = co.danielsilva.GHFollowers;
				PRODUCT_NAME = "$(TARGET_NAME)";
				SUPPORTED_PLATFORMS = "iphoneos iphonesimulator";
				SUPPORTS_MACCATALYST = NO;
				SUPPORTS_MAC_DESIGNED_FOR_IPHONE_IPAD = NO;
				SUPPORTS_XR_DESIGNED_FOR_IPHONE_IPAD = NO;
				SWIFT_EMIT_LOC_STRINGS = YES;
				SWIFT_VERSION = 5.0;
				TARGETED_DEVICE_FAMILY = 1;
			};
			name = Release;
		};
/* End XCBuildConfiguration section */

/* Begin XCConfigurationList section */
		8A026C1C2C028D1C008A1B18 /* Build configuration list for PBXProject "GHFollowers" */ = {
			isa = XCConfigurationList;
			buildConfigurations = (
				8A026C332C028D20008A1B18 /* Debug */,
				8A026C342C028D20008A1B18 /* Release */,
			);
			defaultConfigurationIsVisible = 0;
			defaultConfigurationName = Release;
		};
		8A026C352C028D20008A1B18 /* Build configuration list for PBXNativeTarget "GHFollowers" */ = {
			isa = XCConfigurationList;
			buildConfigurations = (
				8A026C362C028D20008A1B18 /* Debug */,
				8A026C372C028D20008A1B18 /* Release */,
			);
			defaultConfigurationIsVisible = 0;
			defaultConfigurationName = Release;
		};
/* End XCConfigurationList section */
	};
	rootObject = 8A026C192C028D1C008A1B18 /* Project object */;
}
